// !$*UTF8*$!
{
	archiveVersion = 1;
	classes = {
	};
	objectVersion = 46;
	objects = {

/* Begin PBXBuildFile section */
		566AC3E61AB39430001B87D1 /* LoginViewController.swift in Sources */ = {isa = PBXBuildFile; fileRef = 566AC3E51AB39430001B87D1 /* LoginViewController.swift */; };
		566AC3E81AB39E99001B87D1 /* SignupViewController.swift in Sources */ = {isa = PBXBuildFile; fileRef = 566AC3E71AB39E99001B87D1 /* SignupViewController.swift */; };
		5687C6411AB0E53000ED0005 /* Parse.framework in Frameworks */ = {isa = PBXBuildFile; fileRef = 5687C6401AB0E53000ED0005 /* Parse.framework */; };
		5687C6431AB0E63500ED0005 /* Bolts.framework in Frameworks */ = {isa = PBXBuildFile; fileRef = 5687C6421AB0E63500ED0005 /* Bolts.framework */; };
		5687C6451AB0E6C400ED0005 /* AudioToolbox.framework in Frameworks */ = {isa = PBXBuildFile; fileRef = 5687C6441AB0E6C400ED0005 /* AudioToolbox.framework */; };
		5687C6471AB0E6D000ED0005 /* CFNetwork.framework in Frameworks */ = {isa = PBXBuildFile; fileRef = 5687C6461AB0E6D000ED0005 /* CFNetwork.framework */; };
		5687C6491AB0E6DD00ED0005 /* CoreGraphics.framework in Frameworks */ = {isa = PBXBuildFile; fileRef = 5687C6481AB0E6DD00ED0005 /* CoreGraphics.framework */; };
		5687C64B1AB0E6E700ED0005 /* CoreLocation.framework in Frameworks */ = {isa = PBXBuildFile; fileRef = 5687C64A1AB0E6E700ED0005 /* CoreLocation.framework */; };
		5687C64D1AB0E6F500ED0005 /* MobileCoreServices.framework in Frameworks */ = {isa = PBXBuildFile; fileRef = 5687C64C1AB0E6F500ED0005 /* MobileCoreServices.framework */; };
		5687C64F1AB0E70700ED0005 /* QuartzCore.framework in Frameworks */ = {isa = PBXBuildFile; fileRef = 5687C64E1AB0E70700ED0005 /* QuartzCore.framework */; };
		5687C6511AB0E70F00ED0005 /* Security.framework in Frameworks */ = {isa = PBXBuildFile; fileRef = 5687C6501AB0E70F00ED0005 /* Security.framework */; };
		5687C6531AB0E71E00ED0005 /* StoreKit.framework in Frameworks */ = {isa = PBXBuildFile; fileRef = 5687C6521AB0E71E00ED0005 /* StoreKit.framework */; };
		5687C6551AB0E73000ED0005 /* SystemConfiguration.framework in Frameworks */ = {isa = PBXBuildFile; fileRef = 5687C6541AB0E73000ED0005 /* SystemConfiguration.framework */; };
		5687C6571AB0E73E00ED0005 /* libz.dylib in Frameworks */ = {isa = PBXBuildFile; fileRef = 5687C6561AB0E73E00ED0005 /* libz.dylib */; };
		5687C6591AB0E74A00ED0005 /* libsqlite3.dylib in Frameworks */ = {isa = PBXBuildFile; fileRef = 5687C6581AB0E74A00ED0005 /* libsqlite3.dylib */; };
		5687C65C1AB0F32900ED0005 /* LandingViewController.swift in Sources */ = {isa = PBXBuildFile; fileRef = 5687C65B1AB0F32900ED0005 /* LandingViewController.swift */; };
		5687C65E1AB110D800ED0005 /* Global.swift in Sources */ = {isa = PBXBuildFile; fileRef = 5687C65D1AB110D800ED0005 /* Global.swift */; };
		5687C6611AB118A800ED0005 /* APIManager.swift in Sources */ = {isa = PBXBuildFile; fileRef = 5687C6601AB118A800ED0005 /* APIManager.swift */; };
		5687C6631AB11D1F00ED0005 /* Extension.swift in Sources */ = {isa = PBXBuildFile; fileRef = 5687C6621AB11D1F00ED0005 /* Extension.swift */; };
		568A5CB61AB8A49100EF43F4 /* DuangTableViewController.swift in Sources */ = {isa = PBXBuildFile; fileRef = 568A5CB51AB8A49100EF43F4 /* DuangTableViewController.swift */; };
		568A5CB91AB8A5A200EF43F4 /* DuangTableData.swift in Sources */ = {isa = PBXBuildFile; fileRef = 568A5CB81AB8A5A200EF43F4 /* DuangTableData.swift */; };
		568A5CBB1AB8AAA600EF43F4 /* DuangTableCellButton.swift in Sources */ = {isa = PBXBuildFile; fileRef = 568A5CBA1AB8AAA500EF43F4 /* DuangTableCellButton.swift */; };
		569E7A771AB0DADF009BF47B /* AppDelegate.swift in Sources */ = {isa = PBXBuildFile; fileRef = 569E7A761AB0DADF009BF47B /* AppDelegate.swift */; };
		569E7A791AB0DADF009BF47B /* ViewController.swift in Sources */ = {isa = PBXBuildFile; fileRef = 569E7A781AB0DADF009BF47B /* ViewController.swift */; };
		569E7A7C1AB0DADF009BF47B /* Main.storyboard in Resources */ = {isa = PBXBuildFile; fileRef = 569E7A7A1AB0DADF009BF47B /* Main.storyboard */; };
		569E7A7E1AB0DADF009BF47B /* Images.xcassets in Resources */ = {isa = PBXBuildFile; fileRef = 569E7A7D1AB0DADF009BF47B /* Images.xcassets */; };
		569E7A811AB0DADF009BF47B /* LaunchScreen.xib in Resources */ = {isa = PBXBuildFile; fileRef = 569E7A7F1AB0DADF009BF47B /* LaunchScreen.xib */; };
		569E7A8D1AB0DADF009BF47B /* DuangTests.swift in Sources */ = {isa = PBXBuildFile; fileRef = 569E7A8C1AB0DADF009BF47B /* DuangTests.swift */; };
		56E9469F1ABA21A900634F5B /* DuangTableCellUserSmall.swift in Sources */ = {isa = PBXBuildFile; fileRef = 56E9469E1ABA21A900634F5B /* DuangTableCellUserSmall.swift */; };
		56F361751AB8DC0D00D94533 /* DuangTableCellUserBig.swift in Sources */ = {isa = PBXBuildFile; fileRef = 56F361741AB8DC0D00D94533 /* DuangTableCellUserBig.swift */; };
/* End PBXBuildFile section */

/* Begin PBXContainerItemProxy section */
		569E7A871AB0DADF009BF47B /* PBXContainerItemProxy */ = {
			isa = PBXContainerItemProxy;
			containerPortal = 569E7A691AB0DADF009BF47B /* Project object */;
			proxyType = 1;
			remoteGlobalIDString = 569E7A701AB0DADF009BF47B;
			remoteInfo = Duang;
		};
/* End PBXContainerItemProxy section */

/* Begin PBXFileReference section */
		566AC3E51AB39430001B87D1 /* LoginViewController.swift */ = {isa = PBXFileReference; fileEncoding = 4; lastKnownFileType = sourcecode.swift; path = LoginViewController.swift; sourceTree = "<group>"; };
		566AC3E71AB39E99001B87D1 /* SignupViewController.swift */ = {isa = PBXFileReference; fileEncoding = 4; lastKnownFileType = sourcecode.swift; path = SignupViewController.swift; sourceTree = "<group>"; };
		5687C6401AB0E53000ED0005 /* Parse.framework */ = {isa = PBXFileReference; lastKnownFileType = wrapper.framework; path = Parse.framework; sourceTree = "<group>"; };
		5687C6421AB0E63500ED0005 /* Bolts.framework */ = {isa = PBXFileReference; lastKnownFileType = wrapper.framework; path = Bolts.framework; sourceTree = "<group>"; };
		5687C6441AB0E6C400ED0005 /* AudioToolbox.framework */ = {isa = PBXFileReference; lastKnownFileType = wrapper.framework; name = AudioToolbox.framework; path = System/Library/Frameworks/AudioToolbox.framework; sourceTree = SDKROOT; };
		5687C6461AB0E6D000ED0005 /* CFNetwork.framework */ = {isa = PBXFileReference; lastKnownFileType = wrapper.framework; name = CFNetwork.framework; path = System/Library/Frameworks/CFNetwork.framework; sourceTree = SDKROOT; };
		5687C6481AB0E6DD00ED0005 /* CoreGraphics.framework */ = {isa = PBXFileReference; lastKnownFileType = wrapper.framework; name = CoreGraphics.framework; path = System/Library/Frameworks/CoreGraphics.framework; sourceTree = SDKROOT; };
		5687C64A1AB0E6E700ED0005 /* CoreLocation.framework */ = {isa = PBXFileReference; lastKnownFileType = wrapper.framework; name = CoreLocation.framework; path = System/Library/Frameworks/CoreLocation.framework; sourceTree = SDKROOT; };
		5687C64C1AB0E6F500ED0005 /* MobileCoreServices.framework */ = {isa = PBXFileReference; lastKnownFileType = wrapper.framework; name = MobileCoreServices.framework; path = System/Library/Frameworks/MobileCoreServices.framework; sourceTree = SDKROOT; };
		5687C64E1AB0E70700ED0005 /* QuartzCore.framework */ = {isa = PBXFileReference; lastKnownFileType = wrapper.framework; name = QuartzCore.framework; path = System/Library/Frameworks/QuartzCore.framework; sourceTree = SDKROOT; };
		5687C6501AB0E70F00ED0005 /* Security.framework */ = {isa = PBXFileReference; lastKnownFileType = wrapper.framework; name = Security.framework; path = System/Library/Frameworks/Security.framework; sourceTree = SDKROOT; };
		5687C6521AB0E71E00ED0005 /* StoreKit.framework */ = {isa = PBXFileReference; lastKnownFileType = wrapper.framework; name = StoreKit.framework; path = System/Library/Frameworks/StoreKit.framework; sourceTree = SDKROOT; };
		5687C6541AB0E73000ED0005 /* SystemConfiguration.framework */ = {isa = PBXFileReference; lastKnownFileType = wrapper.framework; name = SystemConfiguration.framework; path = System/Library/Frameworks/SystemConfiguration.framework; sourceTree = SDKROOT; };
		5687C6561AB0E73E00ED0005 /* libz.dylib */ = {isa = PBXFileReference; lastKnownFileType = "compiled.mach-o.dylib"; name = libz.dylib; path = usr/lib/libz.dylib; sourceTree = SDKROOT; };
		5687C6581AB0E74A00ED0005 /* libsqlite3.dylib */ = {isa = PBXFileReference; lastKnownFileType = "compiled.mach-o.dylib"; name = libsqlite3.dylib; path = usr/lib/libsqlite3.dylib; sourceTree = SDKROOT; };
		5687C65B1AB0F32900ED0005 /* LandingViewController.swift */ = {isa = PBXFileReference; fileEncoding = 4; lastKnownFileType = sourcecode.swift; path = LandingViewController.swift; sourceTree = "<group>"; };
		5687C65D1AB110D800ED0005 /* Global.swift */ = {isa = PBXFileReference; fileEncoding = 4; lastKnownFileType = sourcecode.swift; path = Global.swift; sourceTree = "<group>"; };
		5687C6601AB118A800ED0005 /* APIManager.swift */ = {isa = PBXFileReference; fileEncoding = 4; lastKnownFileType = sourcecode.swift; path = APIManager.swift; sourceTree = "<group>"; };
		5687C6621AB11D1F00ED0005 /* Extension.swift */ = {isa = PBXFileReference; fileEncoding = 4; lastKnownFileType = sourcecode.swift; path = Extension.swift; sourceTree = "<group>"; };
		568A5CB51AB8A49100EF43F4 /* DuangTableViewController.swift */ = {isa = PBXFileReference; fileEncoding = 4; lastKnownFileType = sourcecode.swift; path = DuangTableViewController.swift; sourceTree = "<group>"; };
		568A5CB81AB8A5A200EF43F4 /* DuangTableData.swift */ = {isa = PBXFileReference; fileEncoding = 4; lastKnownFileType = sourcecode.swift; path = DuangTableData.swift; sourceTree = "<group>"; };
		568A5CBA1AB8AAA500EF43F4 /* DuangTableCellButton.swift */ = {isa = PBXFileReference; fileEncoding = 4; lastKnownFileType = sourcecode.swift; path = DuangTableCellButton.swift; sourceTree = "<group>"; };
		569E7A711AB0DADF009BF47B /* Duang.app */ = {isa = PBXFileReference; explicitFileType = wrapper.application; includeInIndex = 0; path = Duang.app; sourceTree = BUILT_PRODUCTS_DIR; };
		569E7A751AB0DADF009BF47B /* Info.plist */ = {isa = PBXFileReference; lastKnownFileType = text.plist.xml; path = Info.plist; sourceTree = "<group>"; };
		569E7A761AB0DADF009BF47B /* AppDelegate.swift */ = {isa = PBXFileReference; lastKnownFileType = sourcecode.swift; path = AppDelegate.swift; sourceTree = "<group>"; };
		569E7A781AB0DADF009BF47B /* ViewController.swift */ = {isa = PBXFileReference; lastKnownFileType = sourcecode.swift; path = ViewController.swift; sourceTree = "<group>"; };
		569E7A7B1AB0DADF009BF47B /* Base */ = {isa = PBXFileReference; lastKnownFileType = file.storyboard; name = Base; path = Base.lproj/Main.storyboard; sourceTree = "<group>"; };
		569E7A7D1AB0DADF009BF47B /* Images.xcassets */ = {isa = PBXFileReference; lastKnownFileType = folder.assetcatalog; path = Images.xcassets; sourceTree = "<group>"; };
		569E7A801AB0DADF009BF47B /* Base */ = {isa = PBXFileReference; lastKnownFileType = file.xib; name = Base; path = Base.lproj/LaunchScreen.xib; sourceTree = "<group>"; };
		569E7A861AB0DADF009BF47B /* DuangTests.xctest */ = {isa = PBXFileReference; explicitFileType = wrapper.cfbundle; includeInIndex = 0; path = DuangTests.xctest; sourceTree = BUILT_PRODUCTS_DIR; };
		569E7A8B1AB0DADF009BF47B /* Info.plist */ = {isa = PBXFileReference; lastKnownFileType = text.plist.xml; path = Info.plist; sourceTree = "<group>"; };
		569E7A8C1AB0DADF009BF47B /* DuangTests.swift */ = {isa = PBXFileReference; lastKnownFileType = sourcecode.swift; path = DuangTests.swift; sourceTree = "<group>"; };
		56E9469E1ABA21A900634F5B /* DuangTableCellUserSmall.swift */ = {isa = PBXFileReference; fileEncoding = 4; lastKnownFileType = sourcecode.swift; path = DuangTableCellUserSmall.swift; sourceTree = "<group>"; };
		56F361741AB8DC0D00D94533 /* DuangTableCellUserBig.swift */ = {isa = PBXFileReference; fileEncoding = 4; lastKnownFileType = sourcecode.swift; path = DuangTableCellUserBig.swift; sourceTree = "<group>"; };
/* End PBXFileReference section */

/* Begin PBXFrameworksBuildPhase section */
		569E7A6E1AB0DADF009BF47B /* Frameworks */ = {
			isa = PBXFrameworksBuildPhase;
			buildActionMask = 2147483647;
			files = (
				5687C6411AB0E53000ED0005 /* Parse.framework in Frameworks */,
				5687C6431AB0E63500ED0005 /* Bolts.framework in Frameworks */,
				5687C6451AB0E6C400ED0005 /* AudioToolbox.framework in Frameworks */,
				5687C6471AB0E6D000ED0005 /* CFNetwork.framework in Frameworks */,
				5687C6491AB0E6DD00ED0005 /* CoreGraphics.framework in Frameworks */,
				5687C64B1AB0E6E700ED0005 /* CoreLocation.framework in Frameworks */,
				5687C64D1AB0E6F500ED0005 /* MobileCoreServices.framework in Frameworks */,
				5687C64F1AB0E70700ED0005 /* QuartzCore.framework in Frameworks */,
				5687C6511AB0E70F00ED0005 /* Security.framework in Frameworks */,
				5687C6531AB0E71E00ED0005 /* StoreKit.framework in Frameworks */,
				5687C6551AB0E73000ED0005 /* SystemConfiguration.framework in Frameworks */,
				5687C6571AB0E73E00ED0005 /* libz.dylib in Frameworks */,
				5687C6591AB0E74A00ED0005 /* libsqlite3.dylib in Frameworks */,
			);
			runOnlyForDeploymentPostprocessing = 0;
		};
		569E7A831AB0DADF009BF47B /* Frameworks */ = {
			isa = PBXFrameworksBuildPhase;
			buildActionMask = 2147483647;
			files = (
			);
			runOnlyForDeploymentPostprocessing = 0;
		};
/* End PBXFrameworksBuildPhase section */

/* Begin PBXGroup section */
		5687C65A1AB0F2D400ED0005 /* LoginAndRegister */ = {
			isa = PBXGroup;
			children = (
				5687C65B1AB0F32900ED0005 /* LandingViewController.swift */,
				566AC3E51AB39430001B87D1 /* LoginViewController.swift */,
				566AC3E71AB39E99001B87D1 /* SignupViewController.swift */,
			);
			name = LoginAndRegister;
			sourceTree = "<group>";
		};
		5687C65F1AB1185200ED0005 /* Global */ = {
			isa = PBXGroup;
			children = (
				5687C65D1AB110D800ED0005 /* Global.swift */,
				5687C6621AB11D1F00ED0005 /* Extension.swift */,
				5687C6601AB118A800ED0005 /* APIManager.swift */,
			);
			name = Global;
			sourceTree = "<group>";
		};
		568A5CB71AB8A4AB00EF43F4 /* DuangTable */ = {
			isa = PBXGroup;
			children = (
				568A5CB51AB8A49100EF43F4 /* DuangTableViewController.swift */,
				568A5CB81AB8A5A200EF43F4 /* DuangTableData.swift */,
				56F361741AB8DC0D00D94533 /* DuangTableCellUserBig.swift */,
				56E9469E1ABA21A900634F5B /* DuangTableCellUserSmall.swift */,
				568A5CBA1AB8AAA500EF43F4 /* DuangTableCellButton.swift */,
			);
			name = DuangTable;
			sourceTree = "<group>";
		};
		569E7A681AB0DADF009BF47B = {
			isa = PBXGroup;
			children = (
				569E7A731AB0DADF009BF47B /* Duang */,
				569E7A891AB0DADF009BF47B /* DuangTests */,
				569E7A721AB0DADF009BF47B /* Products */,
			);
			sourceTree = "<group>";
		};
		569E7A721AB0DADF009BF47B /* Products */ = {
			isa = PBXGroup;
			children = (
				569E7A711AB0DADF009BF47B /* Duang.app */,
				569E7A861AB0DADF009BF47B /* DuangTests.xctest */,
			);
			name = Products;
			sourceTree = "<group>";
		};
		569E7A731AB0DADF009BF47B /* Duang */ = {
			isa = PBXGroup;
			children = (
				569E7A761AB0DADF009BF47B /* AppDelegate.swift */,
				569E7A781AB0DADF009BF47B /* ViewController.swift */,
				5687C65F1AB1185200ED0005 /* Global */,
				568A5CB71AB8A4AB00EF43F4 /* DuangTable */,
				5687C65A1AB0F2D400ED0005 /* LoginAndRegister */,
				569E7A7A1AB0DADF009BF47B /* Main.storyboard */,
				569E7A7D1AB0DADF009BF47B /* Images.xcassets */,
				569E7A7F1AB0DADF009BF47B /* LaunchScreen.xib */,
				569E7A741AB0DADF009BF47B /* Supporting Files */,
			);
			path = Duang;
			sourceTree = "<group>";
		};
		569E7A741AB0DADF009BF47B /* Supporting Files */ = {
			isa = PBXGroup;
			children = (
				569E7A751AB0DADF009BF47B /* Info.plist */,
				5687C6401AB0E53000ED0005 /* Parse.framework */,
				5687C6421AB0E63500ED0005 /* Bolts.framework */,
				5687C6581AB0E74A00ED0005 /* libsqlite3.dylib */,
				5687C6561AB0E73E00ED0005 /* libz.dylib */,
				5687C6541AB0E73000ED0005 /* SystemConfiguration.framework */,
				5687C6521AB0E71E00ED0005 /* StoreKit.framework */,
				5687C6501AB0E70F00ED0005 /* Security.framework */,
				5687C64E1AB0E70700ED0005 /* QuartzCore.framework */,
				5687C64C1AB0E6F500ED0005 /* MobileCoreServices.framework */,
				5687C64A1AB0E6E700ED0005 /* CoreLocation.framework */,
				5687C6481AB0E6DD00ED0005 /* CoreGraphics.framework */,
				5687C6461AB0E6D000ED0005 /* CFNetwork.framework */,
				5687C6441AB0E6C400ED0005 /* AudioToolbox.framework */,
			);
			name = "Supporting Files";
			sourceTree = "<group>";
		};
		569E7A891AB0DADF009BF47B /* DuangTests */ = {
			isa = PBXGroup;
			children = (
				569E7A8C1AB0DADF009BF47B /* DuangTests.swift */,
				569E7A8A1AB0DADF009BF47B /* Supporting Files */,
			);
			path = DuangTests;
			sourceTree = "<group>";
		};
		569E7A8A1AB0DADF009BF47B /* Supporting Files */ = {
			isa = PBXGroup;
			children = (
				569E7A8B1AB0DADF009BF47B /* Info.plist */,
			);
			name = "Supporting Files";
			sourceTree = "<group>";
		};
/* End PBXGroup section */

/* Begin PBXNativeTarget section */
		569E7A701AB0DADF009BF47B /* Duang */ = {
			isa = PBXNativeTarget;
			buildConfigurationList = 569E7A901AB0DADF009BF47B /* Build configuration list for PBXNativeTarget "Duang" */;
			buildPhases = (
				569E7A6D1AB0DADF009BF47B /* Sources */,
				569E7A6E1AB0DADF009BF47B /* Frameworks */,
				569E7A6F1AB0DADF009BF47B /* Resources */,
			);
			buildRules = (
			);
			dependencies = (
			);
			name = Duang;
			productName = Duang;
			productReference = 569E7A711AB0DADF009BF47B /* Duang.app */;
			productType = "com.apple.product-type.application";
		};
		569E7A851AB0DADF009BF47B /* DuangTests */ = {
			isa = PBXNativeTarget;
			buildConfigurationList = 569E7A931AB0DADF009BF47B /* Build configuration list for PBXNativeTarget "DuangTests" */;
			buildPhases = (
				569E7A821AB0DADF009BF47B /* Sources */,
				569E7A831AB0DADF009BF47B /* Frameworks */,
				569E7A841AB0DADF009BF47B /* Resources */,
			);
			buildRules = (
			);
			dependencies = (
				569E7A881AB0DADF009BF47B /* PBXTargetDependency */,
			);
			name = DuangTests;
			productName = DuangTests;
			productReference = 569E7A861AB0DADF009BF47B /* DuangTests.xctest */;
			productType = "com.apple.product-type.bundle.unit-test";
		};
/* End PBXNativeTarget section */

/* Begin PBXProject section */
		569E7A691AB0DADF009BF47B /* Project object */ = {
			isa = PBXProject;
			attributes = {
				LastUpgradeCheck = 0620;
				ORGANIZATIONNAME = "David Yu";
				TargetAttributes = {
					569E7A701AB0DADF009BF47B = {
						CreatedOnToolsVersion = 6.2;
						DevelopmentTeam = C79T87ZRG9;
					};
					569E7A851AB0DADF009BF47B = {
						CreatedOnToolsVersion = 6.2;
						TestTargetID = 569E7A701AB0DADF009BF47B;
					};
				};
			};
			buildConfigurationList = 569E7A6C1AB0DADF009BF47B /* Build configuration list for PBXProject "Duang" */;
			compatibilityVersion = "Xcode 3.2";
			developmentRegion = English;
			hasScannedForEncodings = 0;
			knownRegions = (
				en,
				Base,
			);
			mainGroup = 569E7A681AB0DADF009BF47B;
			productRefGroup = 569E7A721AB0DADF009BF47B /* Products */;
			projectDirPath = "";
			projectRoot = "";
			targets = (
				569E7A701AB0DADF009BF47B /* Duang */,
				569E7A851AB0DADF009BF47B /* DuangTests */,
			);
		};
/* End PBXProject section */

/* Begin PBXResourcesBuildPhase section */
		569E7A6F1AB0DADF009BF47B /* Resources */ = {
			isa = PBXResourcesBuildPhase;
			buildActionMask = 2147483647;
			files = (
				569E7A7C1AB0DADF009BF47B /* Main.storyboard in Resources */,
				569E7A811AB0DADF009BF47B /* LaunchScreen.xib in Resources */,
				569E7A7E1AB0DADF009BF47B /* Images.xcassets in Resources */,
			);
			runOnlyForDeploymentPostprocessing = 0;
		};
		569E7A841AB0DADF009BF47B /* Resources */ = {
			isa = PBXResourcesBuildPhase;
			buildActionMask = 2147483647;
			files = (
			);
			runOnlyForDeploymentPostprocessing = 0;
		};
/* End PBXResourcesBuildPhase section */

/* Begin PBXSourcesBuildPhase section */
		569E7A6D1AB0DADF009BF47B /* Sources */ = {
			isa = PBXSourcesBuildPhase;
			buildActionMask = 2147483647;
			files = (
				56E9469F1ABA21A900634F5B /* DuangTableCellUserSmall.swift in Sources */,
				566AC3E61AB39430001B87D1 /* LoginViewController.swift in Sources */,
				5687C65E1AB110D800ED0005 /* Global.swift in Sources */,
				56F361751AB8DC0D00D94533 /* DuangTableCellUserBig.swift in Sources */,
				566AC3E81AB39E99001B87D1 /* SignupViewController.swift in Sources */,
				569E7A791AB0DADF009BF47B /* ViewController.swift in Sources */,
				5687C6611AB118A800ED0005 /* APIManager.swift in Sources */,
				568A5CB61AB8A49100EF43F4 /* DuangTableViewController.swift in Sources */,
				568A5CB91AB8A5A200EF43F4 /* DuangTableData.swift in Sources */,
				568A5CBB1AB8AAA600EF43F4 /* DuangTableCellButton.swift in Sources */,
				5687C6631AB11D1F00ED0005 /* Extension.swift in Sources */,
				5687C65C1AB0F32900ED0005 /* LandingViewController.swift in Sources */,
				569E7A771AB0DADF009BF47B /* AppDelegate.swift in Sources */,
			);
			runOnlyForDeploymentPostprocessing = 0;
		};
		569E7A821AB0DADF009BF47B /* Sources */ = {
			isa = PBXSourcesBuildPhase;
			buildActionMask = 2147483647;
			files = (
				569E7A8D1AB0DADF009BF47B /* DuangTests.swift in Sources */,
			);
			runOnlyForDeploymentPostprocessing = 0;
		};
/* End PBXSourcesBuildPhase section */

/* Begin PBXTargetDependency section */
		569E7A881AB0DADF009BF47B /* PBXTargetDependency */ = {
			isa = PBXTargetDependency;
			target = 569E7A701AB0DADF009BF47B /* Duang */;
			targetProxy = 569E7A871AB0DADF009BF47B /* PBXContainerItemProxy */;
		};
/* End PBXTargetDependency section */

/* Begin PBXVariantGroup section */
		569E7A7A1AB0DADF009BF47B /* Main.storyboard */ = {
			isa = PBXVariantGroup;
			children = (
				569E7A7B1AB0DADF009BF47B /* Base */,
			);
			name = Main.storyboard;
			sourceTree = "<group>";
		};
		569E7A7F1AB0DADF009BF47B /* LaunchScreen.xib */ = {
			isa = PBXVariantGroup;
			children = (
				569E7A801AB0DADF009BF47B /* Base */,
			);
			name = LaunchScreen.xib;
			sourceTree = "<group>";
		};
/* End PBXVariantGroup section */

/* Begin XCBuildConfiguration section */
		569E7A8E1AB0DADF009BF47B /* Debug */ = {
			isa = XCBuildConfiguration;
			buildSettings = {
				ALWAYS_SEARCH_USER_PATHS = NO;
				CLANG_CXX_LANGUAGE_STANDARD = "gnu++0x";
				CLANG_CXX_LIBRARY = "libc++";
				CLANG_ENABLE_MODULES = YES;
				CLANG_ENABLE_OBJC_ARC = YES;
				CLANG_WARN_BOOL_CONVERSION = YES;
				CLANG_WARN_CONSTANT_CONVERSION = YES;
				CLANG_WARN_DIRECT_OBJC_ISA_USAGE = YES_ERROR;
				CLANG_WARN_EMPTY_BODY = YES;
				CLANG_WARN_ENUM_CONVERSION = YES;
				CLANG_WARN_INT_CONVERSION = YES;
				CLANG_WARN_OBJC_ROOT_CLASS = YES_ERROR;
				CLANG_WARN_UNREACHABLE_CODE = YES;
				CLANG_WARN__DUPLICATE_METHOD_MATCH = YES;
				"CODE_SIGN_IDENTITY[sdk=iphoneos*]" = "iPhone Developer";
				COPY_PHASE_STRIP = NO;
				ENABLE_STRICT_OBJC_MSGSEND = YES;
				GCC_C_LANGUAGE_STANDARD = gnu99;
				GCC_DYNAMIC_NO_PIC = NO;
				GCC_OPTIMIZATION_LEVEL = 0;
				GCC_PREPROCESSOR_DEFINITIONS = (
					"DEBUG=1",
					"$(inherited)",
				);
				GCC_SYMBOLS_PRIVATE_EXTERN = NO;
				GCC_WARN_64_TO_32_BIT_CONVERSION = YES;
				GCC_WARN_ABOUT_RETURN_TYPE = YES_ERROR;
				GCC_WARN_UNDECLARED_SELECTOR = YES;
				GCC_WARN_UNINITIALIZED_AUTOS = YES_AGGRESSIVE;
				GCC_WARN_UNUSED_FUNCTION = YES;
				GCC_WARN_UNUSED_VARIABLE = YES;
				IPHONEOS_DEPLOYMENT_TARGET = 8.2;
				MTL_ENABLE_DEBUG_INFO = YES;
				ONLY_ACTIVE_ARCH = YES;
				SDKROOT = iphoneos;
				SWIFT_OPTIMIZATION_LEVEL = "-Onone";
				TARGETED_DEVICE_FAMILY = "1,2";
			};
			name = Debug;
		};
		569E7A8F1AB0DADF009BF47B /* Release */ = {
			isa = XCBuildConfiguration;
			buildSettings = {
				ALWAYS_SEARCH_USER_PATHS = NO;
				CLANG_CXX_LANGUAGE_STANDARD = "gnu++0x";
				CLANG_CXX_LIBRARY = "libc++";
				CLANG_ENABLE_MODULES = YES;
				CLANG_ENABLE_OBJC_ARC = YES;
				CLANG_WARN_BOOL_CONVERSION = YES;
				CLANG_WARN_CONSTANT_CONVERSION = YES;
				CLANG_WARN_DIRECT_OBJC_ISA_USAGE = YES_ERROR;
				CLANG_WARN_EMPTY_BODY = YES;
				CLANG_WARN_ENUM_CONVERSION = YES;
				CLANG_WARN_INT_CONVERSION = YES;
				CLANG_WARN_OBJC_ROOT_CLASS = YES_ERROR;
				CLANG_WARN_UNREACHABLE_CODE = YES;
				CLANG_WARN__DUPLICATE_METHOD_MATCH = YES;
				"CODE_SIGN_IDENTITY[sdk=iphoneos*]" = "iPhone Developer";
				COPY_PHASE_STRIP = NO;
				ENABLE_NS_ASSERTIONS = NO;
				ENABLE_STRICT_OBJC_MSGSEND = YES;
				GCC_C_LANGUAGE_STANDARD = gnu99;
				GCC_WARN_64_TO_32_BIT_CONVERSION = YES;
				GCC_WARN_ABOUT_RETURN_TYPE = YES_ERROR;
				GCC_WARN_UNDECLARED_SELECTOR = YES;
				GCC_WARN_UNINITIALIZED_AUTOS = YES_AGGRESSIVE;
				GCC_WARN_UNUSED_FUNCTION = YES;
				GCC_WARN_UNUSED_VARIABLE = YES;
				IPHONEOS_DEPLOYMENT_TARGET = 8.2;
				MTL_ENABLE_DEBUG_INFO = NO;
				SDKROOT = iphoneos;
				TARGETED_DEVICE_FAMILY = "1,2";
				VALIDATE_PRODUCT = YES;
			};
			name = Release;
		};
		569E7A911AB0DADF009BF47B /* Debug */ = {
			isa = XCBuildConfiguration;
			buildSettings = {
				ASSETCATALOG_COMPILER_APPICON_NAME = AppIcon;
				CODE_SIGN_IDENTITY = "iPhone Developer";
				FRAMEWORK_SEARCH_PATHS = (
					"$(inherited)",
					"$(PROJECT_DIR)/Duang",
				);
				INFOPLIST_FILE = Duang/Info.plist;
				LD_RUNPATH_SEARCH_PATHS = "$(inherited) @executable_path/Frameworks";
				PRODUCT_NAME = "$(TARGET_NAME)";
			};
			name = Debug;
		};
		569E7A921AB0DADF009BF47B /* Release */ = {
			isa = XCBuildConfiguration;
			buildSettings = {
				ASSETCATALOG_COMPILER_APPICON_NAME = AppIcon;
				CODE_SIGN_IDENTITY = "iPhone Developer";
				FRAMEWORK_SEARCH_PATHS = (
					"$(inherited)",
					"$(PROJECT_DIR)/Duang",
				);
				INFOPLIST_FILE = Duang/Info.plist;
				LD_RUNPATH_SEARCH_PATHS = "$(inherited) @executable_path/Frameworks";
				PRODUCT_NAME = "$(TARGET_NAME)";
			};
			name = Release;
		};
		569E7A941AB0DADF009BF47B /* Debug */ = {
			isa = XCBuildConfiguration;
			buildSettings = {
				BUNDLE_LOADER = "$(TEST_HOST)";
				FRAMEWORK_SEARCH_PATHS = (
					"$(SDKROOT)/Developer/Library/Frameworks",
					"$(inherited)",
				);
				GCC_PREPROCESSOR_DEFINITIONS = (
					"DEBUG=1",
					"$(inherited)",
				);
				INFOPLIST_FILE = DuangTests/Info.plist;
				LD_RUNPATH_SEARCH_PATHS = "$(inherited) @executable_path/Frameworks @loader_path/Frameworks";
				PRODUCT_NAME = "$(TARGET_NAME)";
				TEST_HOST = "$(BUILT_PRODUCTS_DIR)/Duang.app/Duang";
			};
			name = Debug;
		};
		569E7A951AB0DADF009BF47B /* Release */ = {
			isa = XCBuildConfiguration;
			buildSettings = {
				BUNDLE_LOADER = "$(TEST_HOST)";
				FRAMEWORK_SEARCH_PATHS = (
					"$(SDKROOT)/Developer/Library/Frameworks",
					"$(inherited)",
				);
				INFOPLIST_FILE = DuangTests/Info.plist;
				LD_RUNPATH_SEARCH_PATHS = "$(inherited) @executable_path/Frameworks @loader_path/Frameworks";
				PRODUCT_NAME = "$(TARGET_NAME)";
				TEST_HOST = "$(BUILT_PRODUCTS_DIR)/Duang.app/Duang";
			};
			name = Release;
		};
/* End XCBuildConfiguration section */

/* Begin XCConfigurationList section */
		569E7A6C1AB0DADF009BF47B /* Build configuration list for PBXProject "Duang" */ = {
			isa = XCConfigurationList;
			buildConfigurations = (
				569E7A8E1AB0DADF009BF47B /* Debug */,
				569E7A8F1AB0DADF009BF47B /* Release */,
			);
			defaultConfigurationIsVisible = 0;
			defaultConfigurationName = Release;
		};
		569E7A901AB0DADF009BF47B /* Build configuration list for PBXNativeTarget "Duang" */ = {
			isa = XCConfigurationList;
			buildConfigurations = (
				569E7A911AB0DADF009BF47B /* Debug */,
				569E7A921AB0DADF009BF47B /* Release */,
			);
			defaultConfigurationIsVisible = 0;
			defaultConfigurationName = Release;
		};
		569E7A931AB0DADF009BF47B /* Build configuration list for PBXNativeTarget "DuangTests" */ = {
			isa = XCConfigurationList;
			buildConfigurations = (
				569E7A941AB0DADF009BF47B /* Debug */,
				569E7A951AB0DADF009BF47B /* Release */,
			);
			defaultConfigurationIsVisible = 0;
			defaultConfigurationName = Release;
		};
/* End XCConfigurationList section */
	};
	rootObject = 569E7A691AB0DADF009BF47B /* Project object */;
}
